# This file is autogenerated, do not edit; changes may be undone by the next 'dep ensure'.


[[projects]]
  branch = "master"
  name = "github.com/deckarep/gosx-notifier"
  packages = ["."]
  revision = "e127226297fb751aa3b582db5e92361fcbfc5a6c"

[[projects]]
  branch = "master"
  name = "github.com/martinlindhe/notify"
  packages = ["."]
  revision = "5013fd17b38d0637ca75445b55c892ab70f3e17d"

[[projects]]
  branch = "master"
  name = "github.com/nu7hatch/gouuid"
  packages = ["."]
  revision = "179d4d0c4d8d407a32af483c2354df1d2c91e6c3"

[[projects]]
  branch = "v1"
  name = "gopkg.in/toast.v1"
  packages = ["."]
  revision = "b700e246b8b6d3e13554091e540e1019e26389f1"

[solve-meta]
  analyzer-name = "dep"
  analyzer-version = 1
  inputs-digest = "4b9f3c5e539dddce1b2a5a2edd4050a2c13773fa15f7efd66ab011199cfa0d10"
  solver-name = "gps-cdcl"
  solver-version = 1
